
Microsoft Visual Studio Solution File, Format Version 12.00
# Visual Studio Version 16
VisualStudioVersion = 16.0.809.5
MinimumVisualStudioVersion = 10.0.40219.1
Project("{FAE04EC0-301F-11D3-BF4B-00C04F79EFBC}") = "VehicleTracking_Api", "VehicleTracking_Api\VehicleTracking_Api.csproj", "{1BC98AC3-052D-4F4F-BA5C-0AD74B3EE5CE}"
EndProject
Project("{FAE04EC0-301F-11D3-BF4B-00C04F79EFBC}") = "VehicleTracking_Domain", "VehicleTracking_Domain\VehicleTracking_Domain.csproj", "{80AB3D06-3CB3-4CFD-B164-7DBB330839D8}"
EndProject
Project("{FAE04EC0-301F-11D3-BF4B-00C04F79EFBC}") = "VehicleTracking_Models", "VehicleTracking_Models\VehicleTracking_Models.csproj", "{2CC3EB51-10A9-4C44-A585-37B4C68EF220}"
EndProject
Project("{FAE04EC0-301F-11D3-BF4B-00C04F79EFBC}") = "VehicleTracking_Data", "VehicleTracking_Data\VehicleTracking_Data.csproj", "{48875E3B-C2B9-41E3-90E1-8D8B486FCE8C}"
EndProject
Global
	GlobalSection(SolutionConfigurationPlatforms) = preSolution
		Debug|Any CPU = Debug|Any CPU
		Release|Any CPU = Release|Any CPU
	EndGlobalSection
	GlobalSection(ProjectConfigurationPlatforms) = postSolution
		{1BC98AC3-052D-4F4F-BA5C-0AD74B3EE5CE}.Debug|Any CPU.ActiveCfg = Debug|Any CPU
		{1BC98AC3-052D-4F4F-BA5C-0AD74B3EE5CE}.Debug|Any CPU.Build.0 = Debug|Any CPU
		{1BC98AC3-052D-4F4F-BA5C-0AD74B3EE5CE}.Release|Any CPU.ActiveCfg = Release|Any CPU
		{1BC98AC3-052D-4F4F-BA5C-0AD74B3EE5CE}.Release|Any CPU.Build.0 = Release|Any CPU
		{80AB3D06-3CB3-4CFD-B164-7DBB330839D8}.Debug|Any CPU.ActiveCfg = Debug|Any CPU
		{80AB3D06-3CB3-4CFD-B164-7DBB330839D8}.Debug|Any CPU.Build.0 = Debug|Any CPU
		{80AB3D06-3CB3-4CFD-B164-7DBB330839D8}.Release|Any CPU.ActiveCfg = Release|Any CPU
		{80AB3D06-3CB3-4CFD-B164-7DBB330839D8}.Release|Any CPU.Build.0 = Release|Any CPU
		{2CC3EB51-10A9-4C44-A585-37B4C68EF220}.Debug|Any CPU.ActiveCfg = Debug|Any CPU
		{2CC3EB51-10A9-4C44-A585-37B4C68EF220}.Debug|Any CPU.Build.0 = Debug|Any CPU
		{2CC3EB51-10A9-4C44-A585-37B4C68EF220}.Release|Any CPU.ActiveCfg = Release|Any CPU
		{2CC3EB51-10A9-4C44-A585-37B4C68EF220}.Release|Any CPU.Build.0 = Release|Any CPU
		{48875E3B-C2B9-41E3-90E1-8D8B486FCE8C}.Debug|Any CPU.ActiveCfg = Debug|Any CPU
		{48875E3B-C2B9-41E3-90E1-8D8B486FCE8C}.Debug|Any CPU.Build.0 = Debug|Any CPU
		{48875E3B-C2B9-41E3-90E1-8D8B486FCE8C}.Release|Any CPU.ActiveCfg = Release|Any CPU
		{48875E3B-C2B9-41E3-90E1-8D8B486FCE8C}.Release|Any CPU.Build.0 = Release|Any CPU
	EndGlobalSection
	GlobalSection(SolutionProperties) = preSolution
		HideSolutionNode = FALSE
	EndGlobalSection
	GlobalSection(ExtensibilityGlobals) = postSolution
		SolutionGuid = {411330D7-8205-43CE-8309-926DF6CBA909}
	EndGlobalSection
EndGlobal
